{
  "name": "typescript-plugin-nodejs-example",
  "version": "1.0.0",
  "lockfileVersion": 2,
  "requires": true,
  "packages": {
    "": {
      "name": "typescript-plugin-nodejs-example",
      "version": "1.0.0",
      "license": "ISC",
      "dependencies": {
        "@redradist/module-runtime-safescript": "^0.6.0"
      },
      "devDependencies": {
        "typescript-plugin-safescript": "^0.5.3"
      }
    },
    "node_modules/@redradist/module-runtime-safescript": {
      "version": "0.6.0",
      "resolved": "https://registry.npmjs.org/@redradist/module-runtime-safescript/-/module-runtime-safescript-0.6.0.tgz",
      "integrity": "sha512-VgIRlItQ3027l202UZZNGb5Ic9sN4Ndu5OoQW1oMZhw0pPNdvkn8okEJNV0V5ahxGzh7eBkqaChG1E+izPjc7Q=="
    },
    "node_modules/@vivaxy/vlq": {
      "version": "1.1.0",
      "resolved": "https://registry.npmjs.org/@vivaxy/vlq/-/vlq-1.1.0.tgz",
      "integrity": "sha512-Mk97JYKYPWMYFSlSi7dy6DctF1zLqo9EuTYGkqTN9ZvRIqyBnweLuvCeZjq1I++pZp8CtGZtgAZS+CuTa9LWew==",
      "dev": true
    },
    "node_modules/typescript": {
      "version": "4.1.5",
      "resolved": "https://registry.npmjs.org/typescript/-/typescript-4.1.5.tgz",
      "integrity": "sha512-6OSu9PTIzmn9TCDiovULTnET6BgXtDYL4Gg4szY+cGsc3JP1dQL8qvE8kShTRx1NIw4Q9IBHlwODjkjWEtMUyA==",
      "dev": true,
      "bin": {
        "tsc": "bin/tsc",
        "tsserver": "bin/tsserver"
      },
      "engines": {
        "node": ">=4.2.0"
      }
    },
    "node_modules/typescript-plugin-safescript": {
      "version": "0.5.3",
      "resolved": "https://registry.npmjs.org/typescript-plugin-safescript/-/typescript-plugin-safescript-0.5.3.tgz",
      "integrity": "sha512-mtT8zSf8aPE/vfaqNV7x7FNh4t5HdgamANmbLkE/kEa3c+FaN/oMivWA3OmuHlWnTCenE2P6ebn+ExgepyYAZw==",
      "dev": true,
      "dependencies": {
        "@vivaxy/vlq": "^1.1.0",
        "typescript": "^4.1.5"
      },
      "bin": {
        "safec": "dist/index.js"
      }
    }
  },
  "dependencies": {
    "@redradist/module-runtime-safescript": {
      "version": "0.6.0",
      "resolved": "https://registry.npmjs.org/@redradist/module-runtime-safescript/-/module-runtime-safescript-0.6.0.tgz",
      "integrity": "sha512-VgIRlItQ3027l202UZZNGb5Ic9sN4Ndu5OoQW1oMZhw0pPNdvkn8okEJNV0V5ahxGzh7eBkqaChG1E+izPjc7Q=="
    },
    "@vivaxy/vlq": {
      "version": "1.1.0",
      "resolved": "https://registry.npmjs.org/@vivaxy/vlq/-/vlq-1.1.0.tgz",
      "integrity": "sha512-Mk97JYKYPWMYFSlSi7dy6DctF1zLqo9EuTYGkqTN9ZvRIqyBnweLuvCeZjq1I++pZp8CtGZtgAZS+CuTa9LWew==",
      "dev": true
    },
    "typescript": {
      "version": "4.1.5",
      "resolved": "https://registry.npmjs.org/typescript/-/typescript-4.1.5.tgz",
      "integrity": "sha512-6OSu9PTIzmn9TCDiovULTnET6BgXtDYL4Gg4szY+cGsc3JP1dQL8qvE8kShTRx1NIw4Q9IBHlwODjkjWEtMUyA==",
      "dev": true
    },
    "typescript-plugin-safescript": {
      "version": "0.5.3",
      "resolved": "https://registry.npmjs.org/typescript-plugin-safescript/-/typescript-plugin-safescript-0.5.3.tgz",
      "integrity": "sha512-mtT8zSf8aPE/vfaqNV7x7FNh4t5HdgamANmbLkE/kEa3c+FaN/oMivWA3OmuHlWnTCenE2P6ebn+ExgepyYAZw==",
      "dev": true,
      "requires": {
        "@vivaxy/vlq": "^1.1.0",
        "typescript": "^4.1.5"
      }
    }
  }
}
